
Microsoft Visual Studio Solution File, Format Version 12.00
# Visual Studio Version 17
VisualStudioVersion = 17.0.32112.339
MinimumVisualStudioVersion = 10.0.40219.1
Project("{2150E333-8FDC-42A3-9474-1A3956D46DE8}") = "Core", "Core", "{578B6AEF-F16A-448F-B0BE-744C2609D300}"
EndProject
Project("{9A19103F-16F7-4668-BE54-9A1E7A4F7556}") = "UploadHandleCore3", "UploadHandleCore3\UploadHandleCore3.csproj", "{2FAE6C71-8125-4BEB-83BD-BC863748664A}"
EndProject
Project("{9A19103F-16F7-4668-BE54-9A1E7A4F7556}") = "Core_Test3", "Core_Test3\Core_Test3.csproj", "{A95C1002-66B1-460E-8EA1-807763B74DCC}"
EndProject
Project("{9A19103F-16F7-4668-BE54-9A1E7A4F7556}") = "UploadHandleCore5", "UploadHandleCore5\UploadHandleCore5.csproj", "{F107593E-0C54-43DD-8BAB-F36ACF2857A3}"
EndProject
Project("{9A19103F-16F7-4668-BE54-9A1E7A4F7556}") = "Core_Test5", "Core_Test5\Core_Test5.csproj", "{D7EBAAFD-C1CC-4A41-9629-D3A17408CBD8}"
EndProject
Project("{FAE04EC0-301F-11D3-BF4B-00C04F79EFBC}") = "Core_Test6", "Core_Test6\Core_Test6.csproj", "{E4DF8310-0AAC-4681-A5E0-01C7D4264906}"
EndProject
Project("{FAE04EC0-301F-11D3-BF4B-00C04F79EFBC}") = "UploadHandleCore6", "UploadHandleCore6\UploadHandleCore6.csproj", "{E268751B-69C0-4132-BB28-64F23FA4DBB7}"
EndProject
Global
	GlobalSection(SolutionConfigurationPlatforms) = preSolution
		Debug|Any CPU = Debug|Any CPU
		Release|Any CPU = Release|Any CPU
	EndGlobalSection
	GlobalSection(ProjectConfigurationPlatforms) = postSolution
		{2FAE6C71-8125-4BEB-83BD-BC863748664A}.Debug|Any CPU.ActiveCfg = Debug|Any CPU
		{2FAE6C71-8125-4BEB-83BD-BC863748664A}.Debug|Any CPU.Build.0 = Debug|Any CPU
		{2FAE6C71-8125-4BEB-83BD-BC863748664A}.Release|Any CPU.ActiveCfg = Release|Any CPU
		{2FAE6C71-8125-4BEB-83BD-BC863748664A}.Release|Any CPU.Build.0 = Release|Any CPU
		{A95C1002-66B1-460E-8EA1-807763B74DCC}.Debug|Any CPU.ActiveCfg = Debug|Any CPU
		{A95C1002-66B1-460E-8EA1-807763B74DCC}.Debug|Any CPU.Build.0 = Debug|Any CPU
		{A95C1002-66B1-460E-8EA1-807763B74DCC}.Release|Any CPU.ActiveCfg = Release|Any CPU
		{A95C1002-66B1-460E-8EA1-807763B74DCC}.Release|Any CPU.Build.0 = Release|Any CPU
		{F107593E-0C54-43DD-8BAB-F36ACF2857A3}.Debug|Any CPU.ActiveCfg = Debug|Any CPU
		{F107593E-0C54-43DD-8BAB-F36ACF2857A3}.Debug|Any CPU.Build.0 = Debug|Any CPU
		{F107593E-0C54-43DD-8BAB-F36ACF2857A3}.Release|Any CPU.ActiveCfg = Release|Any CPU
		{F107593E-0C54-43DD-8BAB-F36ACF2857A3}.Release|Any CPU.Build.0 = Release|Any CPU
		{D7EBAAFD-C1CC-4A41-9629-D3A17408CBD8}.Debug|Any CPU.ActiveCfg = Debug|Any CPU
		{D7EBAAFD-C1CC-4A41-9629-D3A17408CBD8}.Debug|Any CPU.Build.0 = Debug|Any CPU
		{D7EBAAFD-C1CC-4A41-9629-D3A17408CBD8}.Release|Any CPU.ActiveCfg = Release|Any CPU
		{D7EBAAFD-C1CC-4A41-9629-D3A17408CBD8}.Release|Any CPU.Build.0 = Release|Any CPU
		{E4DF8310-0AAC-4681-A5E0-01C7D4264906}.Debug|Any CPU.ActiveCfg = Debug|Any CPU
		{E4DF8310-0AAC-4681-A5E0-01C7D4264906}.Debug|Any CPU.Build.0 = Debug|Any CPU
		{E4DF8310-0AAC-4681-A5E0-01C7D4264906}.Release|Any CPU.ActiveCfg = Release|Any CPU
		{E4DF8310-0AAC-4681-A5E0-01C7D4264906}.Release|Any CPU.Build.0 = Release|Any CPU
		{E268751B-69C0-4132-BB28-64F23FA4DBB7}.Debug|Any CPU.ActiveCfg = Debug|Any CPU
		{E268751B-69C0-4132-BB28-64F23FA4DBB7}.Debug|Any CPU.Build.0 = Debug|Any CPU
		{E268751B-69C0-4132-BB28-64F23FA4DBB7}.Release|Any CPU.ActiveCfg = Release|Any CPU
		{E268751B-69C0-4132-BB28-64F23FA4DBB7}.Release|Any CPU.Build.0 = Release|Any CPU
	EndGlobalSection
	GlobalSection(SolutionProperties) = preSolution
		HideSolutionNode = FALSE
	EndGlobalSection
	GlobalSection(NestedProjects) = preSolution
		{2FAE6C71-8125-4BEB-83BD-BC863748664A} = {578B6AEF-F16A-448F-B0BE-744C2609D300}
		{A95C1002-66B1-460E-8EA1-807763B74DCC} = {578B6AEF-F16A-448F-B0BE-744C2609D300}
		{F107593E-0C54-43DD-8BAB-F36ACF2857A3} = {578B6AEF-F16A-448F-B0BE-744C2609D300}
		{D7EBAAFD-C1CC-4A41-9629-D3A17408CBD8} = {578B6AEF-F16A-448F-B0BE-744C2609D300}
		{E4DF8310-0AAC-4681-A5E0-01C7D4264906} = {578B6AEF-F16A-448F-B0BE-744C2609D300}
		{E268751B-69C0-4132-BB28-64F23FA4DBB7} = {578B6AEF-F16A-448F-B0BE-744C2609D300}
	EndGlobalSection
	GlobalSection(ExtensibilityGlobals) = postSolution
		SolutionGuid = {46A43E3D-BDBA-4437-84D1-14E9E28E2FC9}
	EndGlobalSection
EndGlobal
