
Microsoft Visual Studio Solution File, Format Version 12.00
# Visual Studio Version 16
VisualStudioVersion = 16.0.29519.181
MinimumVisualStudioVersion = 10.0.40219.1
Project("{FAE04EC0-301F-11D3-BF4B-00C04F79EFBC}") = "Uploader6.2", "Uploader6.0\Uploader6.2.csproj", "{F9E28ED5-A6E6-424A-9880-231F825229EE}"
EndProject
Project("{FAE04EC0-301F-11D3-BF4B-00C04F79EFBC}") = "UploadHandle", "UploadHandle\UploadHandle.csproj", "{F72CF7AC-B4CC-4F1B-978D-CE5005C5E04A}"
EndProject
Project("{2150E333-8FDC-42A3-9474-1A3956D46DE8}") = "Core", "Core", "{578B6AEF-F16A-448F-B0BE-744C2609D300}"
EndProject
Project("{9A19103F-16F7-4668-BE54-9A1E7A4F7556}") = "UploadHandleCore3", "UploadHandleCore3\UploadHandleCore3.csproj", "{2FAE6C71-8125-4BEB-83BD-BC863748664A}"
EndProject
Project("{9A19103F-16F7-4668-BE54-9A1E7A4F7556}") = "Core_Test3", "Core_Test3\Core_Test3.csproj", "{A95C1002-66B1-460E-8EA1-807763B74DCC}"
EndProject
Project("{9A19103F-16F7-4668-BE54-9A1E7A4F7556}") = "UploadHandleCore5", "UploadHandleCore5\UploadHandleCore5.csproj", "{F107593E-0C54-43DD-8BAB-F36ACF2857A3}"
EndProject
Project("{FAE04EC0-301F-11D3-BF4B-00C04F79EFBC}") = "Core_Test5", "Core_Test5\Core_Test5.csproj", "{D7EBAAFD-C1CC-4A41-9629-D3A17408CBD8}"
EndProject
Global
	GlobalSection(SolutionConfigurationPlatforms) = preSolution
		Debug|Any CPU = Debug|Any CPU
		Release|Any CPU = Release|Any CPU
	EndGlobalSection
	GlobalSection(ProjectConfigurationPlatforms) = postSolution
		{F9E28ED5-A6E6-424A-9880-231F825229EE}.Debug|Any CPU.ActiveCfg = Debug|Any CPU
		{F9E28ED5-A6E6-424A-9880-231F825229EE}.Debug|Any CPU.Build.0 = Debug|Any CPU
		{F9E28ED5-A6E6-424A-9880-231F825229EE}.Release|Any CPU.ActiveCfg = Release|Any CPU
		{F9E28ED5-A6E6-424A-9880-231F825229EE}.Release|Any CPU.Build.0 = Release|Any CPU
		{F72CF7AC-B4CC-4F1B-978D-CE5005C5E04A}.Debug|Any CPU.ActiveCfg = Debug|Any CPU
		{F72CF7AC-B4CC-4F1B-978D-CE5005C5E04A}.Debug|Any CPU.Build.0 = Debug|Any CPU
		{F72CF7AC-B4CC-4F1B-978D-CE5005C5E04A}.Release|Any CPU.ActiveCfg = Release|Any CPU
		{F72CF7AC-B4CC-4F1B-978D-CE5005C5E04A}.Release|Any CPU.Build.0 = Release|Any CPU
		{2FAE6C71-8125-4BEB-83BD-BC863748664A}.Debug|Any CPU.ActiveCfg = Debug|Any CPU
		{2FAE6C71-8125-4BEB-83BD-BC863748664A}.Debug|Any CPU.Build.0 = Debug|Any CPU
		{2FAE6C71-8125-4BEB-83BD-BC863748664A}.Release|Any CPU.ActiveCfg = Release|Any CPU
		{2FAE6C71-8125-4BEB-83BD-BC863748664A}.Release|Any CPU.Build.0 = Release|Any CPU
		{A95C1002-66B1-460E-8EA1-807763B74DCC}.Debug|Any CPU.ActiveCfg = Debug|Any CPU
		{A95C1002-66B1-460E-8EA1-807763B74DCC}.Debug|Any CPU.Build.0 = Debug|Any CPU
		{A95C1002-66B1-460E-8EA1-807763B74DCC}.Release|Any CPU.ActiveCfg = Release|Any CPU
		{A95C1002-66B1-460E-8EA1-807763B74DCC}.Release|Any CPU.Build.0 = Release|Any CPU
		{F107593E-0C54-43DD-8BAB-F36ACF2857A3}.Debug|Any CPU.ActiveCfg = Debug|Any CPU
		{F107593E-0C54-43DD-8BAB-F36ACF2857A3}.Debug|Any CPU.Build.0 = Debug|Any CPU
		{F107593E-0C54-43DD-8BAB-F36ACF2857A3}.Release|Any CPU.ActiveCfg = Release|Any CPU
		{F107593E-0C54-43DD-8BAB-F36ACF2857A3}.Release|Any CPU.Build.0 = Release|Any CPU
		{D7EBAAFD-C1CC-4A41-9629-D3A17408CBD8}.Debug|Any CPU.ActiveCfg = Debug|Any CPU
		{D7EBAAFD-C1CC-4A41-9629-D3A17408CBD8}.Debug|Any CPU.Build.0 = Debug|Any CPU
		{D7EBAAFD-C1CC-4A41-9629-D3A17408CBD8}.Release|Any CPU.ActiveCfg = Release|Any CPU
		{D7EBAAFD-C1CC-4A41-9629-D3A17408CBD8}.Release|Any CPU.Build.0 = Release|Any CPU
	EndGlobalSection
	GlobalSection(SolutionProperties) = preSolution
		HideSolutionNode = FALSE
	EndGlobalSection
	GlobalSection(NestedProjects) = preSolution
		{2FAE6C71-8125-4BEB-83BD-BC863748664A} = {578B6AEF-F16A-448F-B0BE-744C2609D300}
		{A95C1002-66B1-460E-8EA1-807763B74DCC} = {578B6AEF-F16A-448F-B0BE-744C2609D300}
		{F107593E-0C54-43DD-8BAB-F36ACF2857A3} = {578B6AEF-F16A-448F-B0BE-744C2609D300}
		{D7EBAAFD-C1CC-4A41-9629-D3A17408CBD8} = {578B6AEF-F16A-448F-B0BE-744C2609D300}
	EndGlobalSection
	GlobalSection(ExtensibilityGlobals) = postSolution
		SolutionGuid = {46A43E3D-BDBA-4437-84D1-14E9E28E2FC9}
	EndGlobalSection
EndGlobal
